github.com/JameyWoo/goto/ds v0.0.0-20201128135356-3ca7a0369284 h1:fvPC2ZWv00kbmZm9sL+7bm8y5VRhiL1w3jaVhBExE/A=
github.com/JameyWoo/goto/ds v0.0.0-20201128135356-3ca7a0369284/go.mod h1:hAJpJmOYGyrZHRDypZqvxvz1StIEODSfuiCAOj4K0nE=
github.com/Jameywoo/goto v0.0.0-20201128135356-3ca7a0369284 h1:GPJGFgyIei7/04/eItP4svFnGwjC03QSDqXeYJNj5gc=
